// !$*UTF8*$!
{
	archiveVersion = 1;
	classes = {
	};
	objectVersion = 46;
	objects = {

/* Begin PBXBuildFile section */
		6E0171291C49D2F000FA2A19 /* PlaySoundsViewController.swift in Sources */ = {isa = PBXBuildFile; fileRef = 6E0171281C49D2F000FA2A19 /* PlaySoundsViewController.swift */; };
		6E5F199B1C4AFD7F00F0B602 /* RecordedAudio.swift in Sources */ = {isa = PBXBuildFile; fileRef = 6E5F199A1C4AFD7F00F0B602 /* RecordedAudio.swift */; };
		6E71B1131C4729CD00A13DB9 /* AppDelegate.swift in Sources */ = {isa = PBXBuildFile; fileRef = 6E71B1121C4729CD00A13DB9 /* AppDelegate.swift */; };
		6E71B1151C4729CD00A13DB9 /* RecordSoundsViewController.swift in Sources */ = {isa = PBXBuildFile; fileRef = 6E71B1141C4729CD00A13DB9 /* RecordSoundsViewController.swift */; };
		6E71B1181C4729CD00A13DB9 /* Main.storyboard in Resources */ = {isa = PBXBuildFile; fileRef = 6E71B1161C4729CD00A13DB9 /* Main.storyboard */; };
		6E71B11A1C4729CD00A13DB9 /* Assets.xcassets in Resources */ = {isa = PBXBuildFile; fileRef = 6E71B1191C4729CD00A13DB9 /* Assets.xcassets */; };
		6E71B11D1C4729CD00A13DB9 /* LaunchScreen.storyboard in Resources */ = {isa = PBXBuildFile; fileRef = 6E71B11B1C4729CD00A13DB9 /* LaunchScreen.storyboard */; };
		6E71B1281C4729CE00A13DB9 /* Pitch_PerfectTests.swift in Sources */ = {isa = PBXBuildFile; fileRef = 6E71B1271C4729CE00A13DB9 /* Pitch_PerfectTests.swift */; };
		6E71B1331C4729CE00A13DB9 /* Pitch_PerfectUITests.swift in Sources */ = {isa = PBXBuildFile; fileRef = 6E71B1321C4729CE00A13DB9 /* Pitch_PerfectUITests.swift */; };
/* End PBXBuildFile section */

/* Begin PBXContainerItemProxy section */
		6E71B1241C4729CE00A13DB9 /* PBXContainerItemProxy */ = {
			isa = PBXContainerItemProxy;
			containerPortal = 6E71B1071C4729CD00A13DB9 /* Project object */;
			proxyType = 1;
			remoteGlobalIDString = 6E71B10E1C4729CD00A13DB9;
			remoteInfo = "Pitch Perfect";
		};
		6E71B12F1C4729CE00A13DB9 /* PBXContainerItemProxy */ = {
			isa = PBXContainerItemProxy;
			containerPortal = 6E71B1071C4729CD00A13DB9 /* Project object */;
			proxyType = 1;
			remoteGlobalIDString = 6E71B10E1C4729CD00A13DB9;
			remoteInfo = "Pitch Perfect";
		};
/* End PBXContainerItemProxy section */

/* Begin PBXFileReference section */
		6E0171281C49D2F000FA2A19 /* PlaySoundsViewController.swift */ = {isa = PBXFileReference; fileEncoding = 4; lastKnownFileType = sourcecode.swift; path = PlaySoundsViewController.swift; sourceTree = "<group>"; };
		6E5F199A1C4AFD7F00F0B602 /* RecordedAudio.swift */ = {isa = PBXFileReference; fileEncoding = 4; lastKnownFileType = sourcecode.swift; path = RecordedAudio.swift; sourceTree = "<group>"; };
		6E71B10F1C4729CD00A13DB9 /* Pitch Perfect.app */ = {isa = PBXFileReference; explicitFileType = wrapper.application; includeInIndex = 0; path = "Pitch Perfect.app"; sourceTree = BUILT_PRODUCTS_DIR; };
		6E71B1121C4729CD00A13DB9 /* AppDelegate.swift */ = {isa = PBXFileReference; lastKnownFileType = sourcecode.swift; path = AppDelegate.swift; sourceTree = "<group>"; };
		6E71B1141C4729CD00A13DB9 /* RecordSoundsViewController.swift */ = {isa = PBXFileReference; lastKnownFileType = sourcecode.swift; path = RecordSoundsViewController.swift; sourceTree = "<group>"; };
		6E71B1171C4729CD00A13DB9 /* Base */ = {isa = PBXFileReference; lastKnownFileType = file.storyboard; name = Base; path = Base.lproj/Main.storyboard; sourceTree = "<group>"; };
		6E71B1191C4729CD00A13DB9 /* Assets.xcassets */ = {isa = PBXFileReference; lastKnownFileType = folder.assetcatalog; path = Assets.xcassets; sourceTree = "<group>"; };
		6E71B11C1C4729CD00A13DB9 /* Base */ = {isa = PBXFileReference; lastKnownFileType = file.storyboard; name = Base; path = Base.lproj/LaunchScreen.storyboard; sourceTree = "<group>"; };
		6E71B11E1C4729CD00A13DB9 /* Info.plist */ = {isa = PBXFileReference; lastKnownFileType = text.plist.xml; path = Info.plist; sourceTree = "<group>"; };
		6E71B1231C4729CE00A13DB9 /* Pitch PerfectTests.xctest */ = {isa = PBXFileReference; explicitFileType = wrapper.cfbundle; includeInIndex = 0; path = "Pitch PerfectTests.xctest"; sourceTree = BUILT_PRODUCTS_DIR; };
		6E71B1271C4729CE00A13DB9 /* Pitch_PerfectTests.swift */ = {isa = PBXFileReference; lastKnownFileType = sourcecode.swift; path = Pitch_PerfectTests.swift; sourceTree = "<group>"; };
		6E71B1291C4729CE00A13DB9 /* Info.plist */ = {isa = PBXFileReference; lastKnownFileType = text.plist.xml; path = Info.plist; sourceTree = "<group>"; };
		6E71B12E1C4729CE00A13DB9 /* Pitch PerfectUITests.xctest */ = {isa = PBXFileReference; explicitFileType = wrapper.cfbundle; includeInIndex = 0; path = "Pitch PerfectUITests.xctest"; sourceTree = BUILT_PRODUCTS_DIR; };
		6E71B1321C4729CE00A13DB9 /* Pitch_PerfectUITests.swift */ = {isa = PBXFileReference; lastKnownFileType = sourcecode.swift; path = Pitch_PerfectUITests.swift; sourceTree = "<group>"; };
		6E71B1341C4729CE00A13DB9 /* Info.plist */ = {isa = PBXFileReference; lastKnownFileType = text.plist.xml; path = Info.plist; sourceTree = "<group>"; };
/* End PBXFileReference section */

/* Begin PBXFrameworksBuildPhase section */
		6E71B10C1C4729CD00A13DB9 /* Frameworks */ = {
			isa = PBXFrameworksBuildPhase;
			buildActionMask = 2147483647;
			files = (
			);
			runOnlyForDeploymentPostprocessing = 0;
		};
		6E71B1201C4729CE00A13DB9 /* Frameworks */ = {
			isa = PBXFrameworksBuildPhase;
			buildActionMask = 2147483647;
			files = (
			);
			runOnlyForDeploymentPostprocessing = 0;
		};
		6E71B12B1C4729CE00A13DB9 /* Frameworks */ = {
			isa = PBXFrameworksBuildPhase;
			buildActionMask = 2147483647;
			files = (
			);
			runOnlyForDeploymentPostprocessing = 0;
		};
/* End PBXFrameworksBuildPhase section */

/* Begin PBXGroup section */
		6E01712D1C49E8DB00FA2A19 /* Supporting Files */ = {
			isa = PBXGroup;
			children = (
				6E71B11E1C4729CD00A13DB9 /* Info.plist */,
			);
			name = "Supporting Files";
			sourceTree = "<group>";
		};
		6E71B1061C4729CD00A13DB9 = {
			isa = PBXGroup;
			children = (
				6E71B1111C4729CD00A13DB9 /* Pitch Perfect */,
				6E71B1261C4729CE00A13DB9 /* Pitch PerfectTests */,
				6E71B1311C4729CE00A13DB9 /* Pitch PerfectUITests */,
				6E71B1101C4729CD00A13DB9 /* Products */,
			);
			sourceTree = "<group>";
		};
		6E71B1101C4729CD00A13DB9 /* Products */ = {
			isa = PBXGroup;
			children = (
				6E71B10F1C4729CD00A13DB9 /* Pitch Perfect.app */,
				6E71B1231C4729CE00A13DB9 /* Pitch PerfectTests.xctest */,
				6E71B12E1C4729CE00A13DB9 /* Pitch PerfectUITests.xctest */,
			);
			name = Products;
			sourceTree = "<group>";
		};
		6E71B1111C4729CD00A13DB9 /* Pitch Perfect */ = {
			isa = PBXGroup;
			children = (
				6E71B1121C4729CD00A13DB9 /* AppDelegate.swift */,
				6E5F199A1C4AFD7F00F0B602 /* RecordedAudio.swift */,
				6E71B1161C4729CD00A13DB9 /* Main.storyboard */,
				6E71B1141C4729CD00A13DB9 /* RecordSoundsViewController.swift */,
				6E0171281C49D2F000FA2A19 /* PlaySoundsViewController.swift */,
				6E71B1191C4729CD00A13DB9 /* Assets.xcassets */,
				6E71B11B1C4729CD00A13DB9 /* LaunchScreen.storyboard */,
				6E01712D1C49E8DB00FA2A19 /* Supporting Files */,
			);
			path = "Pitch Perfect";
			sourceTree = "<group>";
		};
		6E71B1261C4729CE00A13DB9 /* Pitch PerfectTests */ = {
			isa = PBXGroup;
			children = (
				6E71B1271C4729CE00A13DB9 /* Pitch_PerfectTests.swift */,
				6E71B1291C4729CE00A13DB9 /* Info.plist */,
			);
			path = "Pitch PerfectTests";
			sourceTree = "<group>";
		};
		6E71B1311C4729CE00A13DB9 /* Pitch PerfectUITests */ = {
			isa = PBXGroup;
			children = (
				6E71B1321C4729CE00A13DB9 /* Pitch_PerfectUITests.swift */,
				6E71B1341C4729CE00A13DB9 /* Info.plist */,
			);
			path = "Pitch PerfectUITests";
			sourceTree = "<group>";
		};
/* End PBXGroup section */

/* Begin PBXNativeTarget section */
		6E71B10E1C4729CD00A13DB9 /* Pitch Perfect */ = {
			isa = PBXNativeTarget;
			buildConfigurationList = 6E71B1371C4729CE00A13DB9 /* Build configuration list for PBXNativeTarget "Pitch Perfect" */;
			buildPhases = (
				6E71B10B1C4729CD00A13DB9 /* Sources */,
				6E71B10C1C4729CD00A13DB9 /* Frameworks */,
				6E71B10D1C4729CD00A13DB9 /* Resources */,
			);
			buildRules = (
			);
			dependencies = (
			);
			name = "Pitch Perfect";
			productName = "Pitch Perfect";
			productReference = 6E71B10F1C4729CD00A13DB9 /* Pitch Perfect.app */;
			productType = "com.apple.product-type.application";
		};
		6E71B1221C4729CE00A13DB9 /* Pitch PerfectTests */ = {
			isa = PBXNativeTarget;
			buildConfigurationList = 6E71B13A1C4729CE00A13DB9 /* Build configuration list for PBXNativeTarget "Pitch PerfectTests" */;
			buildPhases = (
				6E71B11F1C4729CE00A13DB9 /* Sources */,
				6E71B1201C4729CE00A13DB9 /* Frameworks */,
				6E71B1211C4729CE00A13DB9 /* Resources */,
			);
			buildRules = (
			);
			dependencies = (
				6E71B1251C4729CE00A13DB9 /* PBXTargetDependency */,
			);
			name = "Pitch PerfectTests";
			productName = "Pitch PerfectTests";
			productReference = 6E71B1231C4729CE00A13DB9 /* Pitch PerfectTests.xctest */;
			productType = "com.apple.product-type.bundle.unit-test";
		};
		6E71B12D1C4729CE00A13DB9 /* Pitch PerfectUITests */ = {
			isa = PBXNativeTarget;
			buildConfigurationList = 6E71B13D1C4729CE00A13DB9 /* Build configuration list for PBXNativeTarget "Pitch PerfectUITests" */;
			buildPhases = (
				6E71B12A1C4729CE00A13DB9 /* Sources */,
				6E71B12B1C4729CE00A13DB9 /* Frameworks */,
				6E71B12C1C4729CE00A13DB9 /* Resources */,
			);
			buildRules = (
			);
			dependencies = (
				6E71B1301C4729CE00A13DB9 /* PBXTargetDependency */,
			);
			name = "Pitch PerfectUITests";
			productName = "Pitch PerfectUITests";
			productReference = 6E71B12E1C4729CE00A13DB9 /* Pitch PerfectUITests.xctest */;
			productType = "com.apple.product-type.bundle.ui-testing";
		};
/* End PBXNativeTarget section */

/* Begin PBXProject section */
		6E71B1071C4729CD00A13DB9 /* Project object */ = {
			isa = PBXProject;
			attributes = {
				LastSwiftUpdateCheck = 0710;
				LastUpgradeCheck = 0710;
				ORGANIZATIONNAME = AquariusLB;
				TargetAttributes = {
					6E71B10E1C4729CD00A13DB9 = {
						CreatedOnToolsVersion = 7.1.1;
						DevelopmentTeam = 9HG6967B43;
					};
					6E71B1221C4729CE00A13DB9 = {
						CreatedOnToolsVersion = 7.1.1;
						TestTargetID = 6E71B10E1C4729CD00A13DB9;
					};
					6E71B12D1C4729CE00A13DB9 = {
						CreatedOnToolsVersion = 7.1.1;
						TestTargetID = 6E71B10E1C4729CD00A13DB9;
					};
				};
			};
			buildConfigurationList = 6E71B10A1C4729CD00A13DB9 /* Build configuration list for PBXProject "Pitch Perfect" */;
			compatibilityVersion = "Xcode 3.2";
			developmentRegion = English;
			hasScannedForEncodings = 0;
			knownRegions = (
				en,
				Base,
			);
			mainGroup = 6E71B1061C4729CD00A13DB9;
			productRefGroup = 6E71B1101C4729CD00A13DB9 /* Products */;
			projectDirPath = "";
			projectRoot = "";
			targets = (
				6E71B10E1C4729CD00A13DB9 /* Pitch Perfect */,
				6E71B1221C4729CE00A13DB9 /* Pitch PerfectTests */,
				6E71B12D1C4729CE00A13DB9 /* Pitch PerfectUITests */,
			);
		};
/* End PBXProject section */

/* Begin PBXResourcesBuildPhase section */
		6E71B10D1C4729CD00A13DB9 /* Resources */ = {
			isa = PBXResourcesBuildPhase;
			buildActionMask = 2147483647;
			files = (
				6E71B11D1C4729CD00A13DB9 /* LaunchScreen.storyboard in Resources */,
				6E71B11A1C4729CD00A13DB9 /* Assets.xcassets in Resources */,
				6E71B1181C4729CD00A13DB9 /* Main.storyboard in Resources */,
			);
			runOnlyForDeploymentPostprocessing = 0;
		};
		6E71B1211C4729CE00A13DB9 /* Resources */ = {
			isa = PBXResourcesBuildPhase;
			buildActionMask = 2147483647;
			files = (
			);
			runOnlyForDeploymentPostprocessing = 0;
		};
		6E71B12C1C4729CE00A13DB9 /* Resources */ = {
			isa = PBXResourcesBuildPhase;
			buildActionMask = 2147483647;
			files = (
			);
			runOnlyForDeploymentPostprocessing = 0;
		};
/* End PBXResourcesBuildPhase section */

/* Begin PBXSourcesBuildPhase section */
		6E71B10B1C4729CD00A13DB9 /* Sources */ = {
			isa = PBXSourcesBuildPhase;
			buildActionMask = 2147483647;
			files = (
				6E5F199B1C4AFD7F00F0B602 /* RecordedAudio.swift in Sources */,
				6E71B1151C4729CD00A13DB9 /* RecordSoundsViewController.swift in Sources */,
				6E0171291C49D2F000FA2A19 /* PlaySoundsViewController.swift in Sources */,
				6E71B1131C4729CD00A13DB9 /* AppDelegate.swift in Sources */,
			);
			runOnlyForDeploymentPostprocessing = 0;
		};
		6E71B11F1C4729CE00A13DB9 /* Sources */ = {
			isa = PBXSourcesBuildPhase;
			buildActionMask = 2147483647;
			files = (
				6E71B1281C4729CE00A13DB9 /* Pitch_PerfectTests.swift in Sources */,
			);
			runOnlyForDeploymentPostprocessing = 0;
		};
		6E71B12A1C4729CE00A13DB9 /* Sources */ = {
			isa = PBXSourcesBuildPhase;
			buildActionMask = 2147483647;
			files = (
				6E71B1331C4729CE00A13DB9 /* Pitch_PerfectUITests.swift in Sources */,
			);
			runOnlyForDeploymentPostprocessing = 0;
		};
/* End PBXSourcesBuildPhase section */

/* Begin PBXTargetDependency section */
		6E71B1251C4729CE00A13DB9 /* PBXTargetDependency */ = {
			isa = PBXTargetDependency;
			target = 6E71B10E1C4729CD00A13DB9 /* Pitch Perfect */;
			targetProxy = 6E71B1241C4729CE00A13DB9 /* PBXContainerItemProxy */;
		};
		6E71B1301C4729CE00A13DB9 /* PBXTargetDependency */ = {
			isa = PBXTargetDependency;
			target = 6E71B10E1C4729CD00A13DB9 /* Pitch Perfect */;
			targetProxy = 6E71B12F1C4729CE00A13DB9 /* PBXContainerItemProxy */;
		};
/* End PBXTargetDependency section */

/* Begin PBXVariantGroup section */
		6E71B1161C4729CD00A13DB9 /* Main.storyboard */ = {
			isa = PBXVariantGroup;
			children = (
				6E71B1171C4729CD00A13DB9 /* Base */,
			);
			name = Main.storyboard;
			sourceTree = "<group>";
		};
		6E71B11B1C4729CD00A13DB9 /* LaunchScreen.storyboard */ = {
			isa = PBXVariantGroup;
			children = (
				6E71B11C1C4729CD00A13DB9 /* Base */,
			);
			name = LaunchScreen.storyboard;
			sourceTree = "<group>";
		};
/* End PBXVariantGroup section */

/* Begin XCBuildConfiguration section */
		6E71B1351C4729CE00A13DB9 /* Debug */ = {
			isa = XCBuildConfiguration;
			buildSettings = {
				ALWAYS_SEARCH_USER_PATHS = NO;
				CLANG_CXX_LANGUAGE_STANDARD = "gnu++0x";
				CLANG_CXX_LIBRARY = "libc++";
				CLANG_ENABLE_MODULES = YES;
				CLANG_ENABLE_OBJC_ARC = YES;
				CLANG_WARN_BOOL_CONVERSION = YES;
				CLANG_WARN_CONSTANT_CONVERSION = YES;
				CLANG_WARN_DIRECT_OBJC_ISA_USAGE = YES_ERROR;
				CLANG_WARN_EMPTY_BODY = YES;
				CLANG_WARN_ENUM_CONVERSION = YES;
				CLANG_WARN_INT_CONVERSION = YES;
				CLANG_WARN_OBJC_ROOT_CLASS = YES_ERROR;
				CLANG_WARN_UNREACHABLE_CODE = YES;
				CLANG_WARN__DUPLICATE_METHOD_MATCH = YES;
				"CODE_SIGN_IDENTITY[sdk=iphoneos*]" = "iPhone Developer";
				COPY_PHASE_STRIP = NO;
				DEBUG_INFORMATION_FORMAT = dwarf;
				ENABLE_STRICT_OBJC_MSGSEND = YES;
				ENABLE_TESTABILITY = YES;
				GCC_C_LANGUAGE_STANDARD = gnu99;
				GCC_DYNAMIC_NO_PIC = NO;
				GCC_NO_COMMON_BLOCKS = YES;
				GCC_OPTIMIZATION_LEVEL = 0;
				GCC_PREPROCESSOR_DEFINITIONS = (
					"DEBUG=1",
					"$(inherited)",
				);
				GCC_WARN_64_TO_32_BIT_CONVERSION = YES;
				GCC_WARN_ABOUT_RETURN_TYPE = YES_ERROR;
				GCC_WARN_UNDECLARED_SELECTOR = YES;
				GCC_WARN_UNINITIALIZED_AUTOS = YES_AGGRESSIVE;
				GCC_WARN_UNUSED_FUNCTION = YES;
				GCC_WARN_UNUSED_VARIABLE = YES;
				IPHONEOS_DEPLOYMENT_TARGET = 9.1;
				MTL_ENABLE_DEBUG_INFO = YES;
				ONLY_ACTIVE_ARCH = YES;
				SDKROOT = iphoneos;
				SWIFT_OPTIMIZATION_LEVEL = "-Onone";
			};
			name = Debug;
		};
		6E71B1361C4729CE00A13DB9 /* Release */ = {
			isa = XCBuildConfiguration;
			buildSettings = {
				ALWAYS_SEARCH_USER_PATHS = NO;
				CLANG_CXX_LANGUAGE_STANDARD = "gnu++0x";
				CLANG_CXX_LIBRARY = "libc++";
				CLANG_ENABLE_MODULES = YES;
				CLANG_ENABLE_OBJC_ARC = YES;
				CLANG_WARN_BOOL_CONVERSION = YES;
				CLANG_WARN_CONSTANT_CONVERSION = YES;
				CLANG_WARN_DIRECT_OBJC_ISA_USAGE = YES_ERROR;
				CLANG_WARN_EMPTY_BODY = YES;
				CLANG_WARN_ENUM_CONVERSION = YES;
				CLANG_WARN_INT_CONVERSION = YES;
				CLANG_WARN_OBJC_ROOT_CLASS = YES_ERROR;
				CLANG_WARN_UNREACHABLE_CODE = YES;
				CLANG_WARN__DUPLICATE_METHOD_MATCH = YES;
				"CODE_SIGN_IDENTITY[sdk=iphoneos*]" = "iPhone Developer";
				COPY_PHASE_STRIP = NO;
				DEBUG_INFORMATION_FORMAT = "dwarf-with-dsym";
				ENABLE_NS_ASSERTIONS = NO;
				ENABLE_STRICT_OBJC_MSGSEND = YES;
				GCC_C_LANGUAGE_STANDARD = gnu99;
				GCC_NO_COMMON_BLOCKS = YES;
				GCC_WARN_64_TO_32_BIT_CONVERSION = YES;
				GCC_WARN_ABOUT_RETURN_TYPE = YES_ERROR;
				GCC_WARN_UNDECLARED_SELECTOR = YES;
				GCC_WARN_UNINITIALIZED_AUTOS = YES_AGGRESSIVE;
				GCC_WARN_UNUSED_FUNCTION = YES;
				GCC_WARN_UNUSED_VARIABLE = YES;
				IPHONEOS_DEPLOYMENT_TARGET = 9.1;
				MTL_ENABLE_DEBUG_INFO = NO;
				SDKROOT = iphoneos;
				VALIDATE_PRODUCT = YES;
			};
			name = Release;
		};
		6E71B1381C4729CE00A13DB9 /* Debug */ = {
			isa = XCBuildConfiguration;
			buildSettings = {
				ASSETCATALOG_COMPILER_APPICON_NAME = AppIcon;
				CODE_SIGN_IDENTITY = "iPhone Developer";
				"CODE_SIGN_IDENTITY[sdk=iphoneos*]" = "iPhone Developer";
				INFOPLIST_FILE = "Pitch Perfect/Info.plist";
				IPHONEOS_DEPLOYMENT_TARGET = 8.4;
				LD_RUNPATH_SEARCH_PATHS = "$(inherited) @executable_path/Frameworks";
				PRODUCT_BUNDLE_IDENTIFIER = "com.AquariusLB.Pitch-Perfect";
				PRODUCT_NAME = "$(TARGET_NAME)";
				PROVISIONING_PROFILE = "";
			};
			name = Debug;
		};
		6E71B1391C4729CE00A13DB9 /* Release */ = {
			isa = XCBuildConfiguration;
			buildSettings = {
				ASSETCATALOG_COMPILER_APPICON_NAME = AppIcon;
				CODE_SIGN_IDENTITY = "iPhone Developer";
				"CODE_SIGN_IDENTITY[sdk=iphoneos*]" = "iPhone Developer";
				INFOPLIST_FILE = "Pitch Perfect/Info.plist";
				IPHONEOS_DEPLOYMENT_TARGET = 8.4;
				LD_RUNPATH_SEARCH_PATHS = "$(inherited) @executable_path/Frameworks";
				PRODUCT_BUNDLE_IDENTIFIER = "com.AquariusLB.Pitch-Perfect";
				PRODUCT_NAME = "$(TARGET_NAME)";
				PROVISIONING_PROFILE = "";
			};
			name = Release;
		};
		6E71B13B1C4729CE00A13DB9 /* Debug */ = {
			isa = XCBuildConfiguration;
			buildSettings = {
				BUNDLE_LOADER = "$(TEST_HOST)";
				INFOPLIST_FILE = "Pitch PerfectTests/Info.plist";
				LD_RUNPATH_SEARCH_PATHS = "$(inherited) @executable_path/Frameworks @loader_path/Frameworks";
				PRODUCT_BUNDLE_IDENTIFIER = "com.AquariusLB.Pitch-PerfectTests";
				PRODUCT_NAME = "$(TARGET_NAME)";
				TEST_HOST = "$(BUILT_PRODUCTS_DIR)/Pitch Perfect.app/Pitch Perfect";
			};
			name = Debug;
		};
		6E71B13C1C4729CE00A13DB9 /* Release */ = {
			isa = XCBuildConfiguration;
			buildSettings = {
				BUNDLE_LOADER = "$(TEST_HOST)";
				INFOPLIST_FILE = "Pitch PerfectTests/Info.plist";
				LD_RUNPATH_SEARCH_PATHS = "$(inherited) @executable_path/Frameworks @loader_path/Frameworks";
				PRODUCT_BUNDLE_IDENTIFIER = "com.AquariusLB.Pitch-PerfectTests";
				PRODUCT_NAME = "$(TARGET_NAME)";
				TEST_HOST = "$(BUILT_PRODUCTS_DIR)/Pitch Perfect.app/Pitch Perfect";
			};
			name = Release;
		};
		6E71B13E1C4729CE00A13DB9 /* Debug */ = {
			isa = XCBuildConfiguration;
			buildSettings = {
				INFOPLIST_FILE = "Pitch PerfectUITests/Info.plist";
				LD_RUNPATH_SEARCH_PATHS = "$(inherited) @executable_path/Frameworks @loader_path/Frameworks";
				PRODUCT_BUNDLE_IDENTIFIER = "com.AquariusLB.Pitch-PerfectUITests";
				PRODUCT_NAME = "$(TARGET_NAME)";
				TEST_TARGET_NAME = "Pitch Perfect";
				USES_XCTRUNNER = YES;
			};
			name = Debug;
		};
		6E71B13F1C4729CE00A13DB9 /* Release */ = {
			isa = XCBuildConfiguration;
			buildSettings = {
				INFOPLIST_FILE = "Pitch PerfectUITests/Info.plist";
				LD_RUNPATH_SEARCH_PATHS = "$(inherited) @executable_path/Frameworks @loader_path/Frameworks";
				PRODUCT_BUNDLE_IDENTIFIER = "com.AquariusLB.Pitch-PerfectUITests";
				PRODUCT_NAME = "$(TARGET_NAME)";
				TEST_TARGET_NAME = "Pitch Perfect";
				USES_XCTRUNNER = YES;
			};
			name = Release;
		};
/* End XCBuildConfiguration section */

/* Begin XCConfigurationList section */
		6E71B10A1C4729CD00A13DB9 /* Build configuration list for PBXProject "Pitch Perfect" */ = {
			isa = XCConfigurationList;
			buildConfigurations = (
				6E71B1351C4729CE00A13DB9 /* Debug */,
				6E71B1361C4729CE00A13DB9 /* Release */,
			);
			defaultConfigurationIsVisible = 0;
			defaultConfigurationName = Release;
		};
		6E71B1371C4729CE00A13DB9 /* Build configuration list for PBXNativeTarget "Pitch Perfect" */ = {
			isa = XCConfigurationList;
			buildConfigurations = (
				6E71B1381C4729CE00A13DB9 /* Debug */,
				6E71B1391C4729CE00A13DB9 /* Release */,
			);
			defaultConfigurationIsVisible = 0;
			defaultConfigurationName = Release;
		};
		6E71B13A1C4729CE00A13DB9 /* Build configuration list for PBXNativeTarget "Pitch PerfectTests" */ = {
			isa = XCConfigurationList;
			buildConfigurations = (
				6E71B13B1C4729CE00A13DB9 /* Debug */,
				6E71B13C1C4729CE00A13DB9 /* Release */,
			);
			defaultConfigurationIsVisible = 0;
			defaultConfigurationName = Release;
		};
		6E71B13D1C4729CE00A13DB9 /* Build configuration list for PBXNativeTarget "Pitch PerfectUITests" */ = {
			isa = XCConfigurationList;
			buildConfigurations = (
				6E71B13E1C4729CE00A13DB9 /* Debug */,
				6E71B13F1C4729CE00A13DB9 /* Release */,
			);
			defaultConfigurationIsVisible = 0;
			defaultConfigurationName = Release;
		};
/* End XCConfigurationList section */
	};
	rootObject = 6E71B1071C4729CD00A13DB9 /* Project object */;
}
